// !$*UTF8*$!
{
	archiveVersion = 1;
	classes = {
	};
	objectVersion = 55;
	objects = {

/* Begin PBXBuildFile section */
		4E05F4C828E59B1C003EBCE4 /* UIView+CAGradient.swift in Sources */ = {isa = PBXBuildFile; fileRef = 4E05F4C728E59B1C003EBCE4 /* UIView+CAGradient.swift */; };
		4E05F4CE28E59EB7003EBCE4 /* TabBarViewController.swift in Sources */ = {isa = PBXBuildFile; fileRef = 4E05F4CD28E59EB7003EBCE4 /* TabBarViewController.swift */; };
		4E05F4D628E5A2EF003EBCE4 /* HomeViewController.swift in Sources */ = {isa = PBXBuildFile; fileRef = 4E05F4D528E5A2EF003EBCE4 /* HomeViewController.swift */; };
		4E05F4DC28E5B59B003EBCE4 /* MyCardController.swift in Sources */ = {isa = PBXBuildFile; fileRef = 4E05F4DB28E5B59B003EBCE4 /* MyCardController.swift */; };
		4E05F4E328E5CB3B003EBCE4 /* BudgetController.swift in Sources */ = {isa = PBXBuildFile; fileRef = 4E05F4E228E5CB3B003EBCE4 /* BudgetController.swift */; };
		4E05F4E928E5CBE8003EBCE4 /* ChatController.swift in Sources */ = {isa = PBXBuildFile; fileRef = 4E05F4E828E5CBE8003EBCE4 /* ChatController.swift */; };
		4E1CF64028F4426700C44792 /* CardsCollectionViewCell.swift in Sources */ = {isa = PBXBuildFile; fileRef = 4E1CF63F28F4426700C44792 /* CardsCollectionViewCell.swift */; };
		4E1CF64228F44C7E00C44792 /* CardModel.swift in Sources */ = {isa = PBXBuildFile; fileRef = 4E1CF64128F44C7E00C44792 /* CardModel.swift */; };
		4E1CF64428F44FE100C44792 /* FinanceCollectionViewCell.swift in Sources */ = {isa = PBXBuildFile; fileRef = 4E1CF64328F44FE100C44792 /* FinanceCollectionViewCell.swift */; };
		4E2820F128F5788F00F3B84F /* СurrencyTableViewCell.swift in Sources */ = {isa = PBXBuildFile; fileRef = 4E2820F028F5788F00F3B84F /* СurrencyTableViewCell.swift */; };
		4E5F228728FD74DB00C7A485 /* СurrencyModel.swift in Sources */ = {isa = PBXBuildFile; fileRef = 4E5F228628FD74DB00C7A485 /* СurrencyModel.swift */; };
		4E679CEE28FEE1E50071A21F /* InfoCardViewController.swift in Sources */ = {isa = PBXBuildFile; fileRef = 4E679CED28FEE1E50071A21F /* InfoCardViewController.swift */; };
		4E679CF028FEE2230071A21F /* InfoCardTableViewCell.swift in Sources */ = {isa = PBXBuildFile; fileRef = 4E679CEF28FEE2230071A21F /* InfoCardTableViewCell.swift */; };
		4E679CF228FEE2530071A21F /* InfoCardCollectionViewCell.swift in Sources */ = {isa = PBXBuildFile; fileRef = 4E679CF128FEE2530071A21F /* InfoCardCollectionViewCell.swift */; };
		4EC43C5628E32EFA000D8CE3 /* AppDelegate.swift in Sources */ = {isa = PBXBuildFile; fileRef = 4EC43C5528E32EFA000D8CE3 /* AppDelegate.swift */; };
		4EC43C5828E32EFA000D8CE3 /* SceneDelegate.swift in Sources */ = {isa = PBXBuildFile; fileRef = 4EC43C5728E32EFA000D8CE3 /* SceneDelegate.swift */; };
		4EC43C6028E32EFB000D8CE3 /* LouBank.xcdatamodeld in Sources */ = {isa = PBXBuildFile; fileRef = 4EC43C5E28E32EFB000D8CE3 /* LouBank.xcdatamodeld */; };
		4EC43C6228E32EFD000D8CE3 /* Assets.xcassets in Resources */ = {isa = PBXBuildFile; fileRef = 4EC43C6128E32EFD000D8CE3 /* Assets.xcassets */; };
		4EC43C6528E32EFD000D8CE3 /* LaunchScreen.storyboard in Resources */ = {isa = PBXBuildFile; fileRef = 4EC43C6328E32EFD000D8CE3 /* LaunchScreen.storyboard */; };
		4EC8C8A428F6CAED002E54A1 /* UIImageView+Circle.swift in Sources */ = {isa = PBXBuildFile; fileRef = 4EC8C8A328F6CAED002E54A1 /* UIImageView+Circle.swift */; };
		4ED2016B28F8332900605D66 /* FinanceModel.swift in Sources */ = {isa = PBXBuildFile; fileRef = 4ED2016A28F8332900605D66 /* FinanceModel.swift */; };
/* End PBXBuildFile section */

/* Begin PBXFileReference section */
		4E05F4C728E59B1C003EBCE4 /* UIView+CAGradient.swift */ = {isa = PBXFileReference; lastKnownFileType = sourcecode.swift; path = "UIView+CAGradient.swift"; sourceTree = "<group>"; };
		4E05F4CD28E59EB7003EBCE4 /* TabBarViewController.swift */ = {isa = PBXFileReference; lastKnownFileType = sourcecode.swift; path = TabBarViewController.swift; sourceTree = "<group>"; };
		4E05F4D528E5A2EF003EBCE4 /* HomeViewController.swift */ = {isa = PBXFileReference; lastKnownFileType = sourcecode.swift; path = HomeViewController.swift; sourceTree = "<group>"; };
		4E05F4DB28E5B59B003EBCE4 /* MyCardController.swift */ = {isa = PBXFileReference; lastKnownFileType = sourcecode.swift; path = MyCardController.swift; sourceTree = "<group>"; };
		4E05F4E228E5CB3B003EBCE4 /* BudgetController.swift */ = {isa = PBXFileReference; lastKnownFileType = sourcecode.swift; path = BudgetController.swift; sourceTree = "<group>"; };
		4E05F4E828E5CBE8003EBCE4 /* ChatController.swift */ = {isa = PBXFileReference; lastKnownFileType = sourcecode.swift; path = ChatController.swift; sourceTree = "<group>"; };
		4E1CF63F28F4426700C44792 /* CardsCollectionViewCell.swift */ = {isa = PBXFileReference; lastKnownFileType = sourcecode.swift; path = CardsCollectionViewCell.swift; sourceTree = "<group>"; };
		4E1CF64128F44C7E00C44792 /* CardModel.swift */ = {isa = PBXFileReference; lastKnownFileType = sourcecode.swift; path = CardModel.swift; sourceTree = "<group>"; };
		4E1CF64328F44FE100C44792 /* FinanceCollectionViewCell.swift */ = {isa = PBXFileReference; lastKnownFileType = sourcecode.swift; path = FinanceCollectionViewCell.swift; sourceTree = "<group>"; };
		4E2820F028F5788F00F3B84F /* СurrencyTableViewCell.swift */ = {isa = PBXFileReference; lastKnownFileType = sourcecode.swift; path = "СurrencyTableViewCell.swift"; sourceTree = "<group>"; };
		4E5F228628FD74DB00C7A485 /* СurrencyModel.swift */ = {isa = PBXFileReference; lastKnownFileType = sourcecode.swift; path = "СurrencyModel.swift"; sourceTree = "<group>"; };
		4E679CED28FEE1E50071A21F /* InfoCardViewController.swift */ = {isa = PBXFileReference; lastKnownFileType = sourcecode.swift; path = InfoCardViewController.swift; sourceTree = "<group>"; };
		4E679CEF28FEE2230071A21F /* InfoCardTableViewCell.swift */ = {isa = PBXFileReference; lastKnownFileType = sourcecode.swift; path = InfoCardTableViewCell.swift; sourceTree = "<group>"; };
		4E679CF128FEE2530071A21F /* InfoCardCollectionViewCell.swift */ = {isa = PBXFileReference; lastKnownFileType = sourcecode.swift; path = InfoCardCollectionViewCell.swift; sourceTree = "<group>"; };
		4EC43C5228E32EFA000D8CE3 /* LouBank.app */ = {isa = PBXFileReference; explicitFileType = wrapper.application; includeInIndex = 0; path = LouBank.app; sourceTree = BUILT_PRODUCTS_DIR; };
		4EC43C5528E32EFA000D8CE3 /* AppDelegate.swift */ = {isa = PBXFileReference; lastKnownFileType = sourcecode.swift; path = AppDelegate.swift; sourceTree = "<group>"; };
		4EC43C5728E32EFA000D8CE3 /* SceneDelegate.swift */ = {isa = PBXFileReference; lastKnownFileType = sourcecode.swift; path = SceneDelegate.swift; sourceTree = "<group>"; };
		4EC43C5F28E32EFB000D8CE3 /* LouBank.xcdatamodel */ = {isa = PBXFileReference; lastKnownFileType = wrapper.xcdatamodel; path = LouBank.xcdatamodel; sourceTree = "<group>"; };
		4EC43C6128E32EFD000D8CE3 /* Assets.xcassets */ = {isa = PBXFileReference; lastKnownFileType = folder.assetcatalog; path = Assets.xcassets; sourceTree = "<group>"; };
		4EC43C6428E32EFD000D8CE3 /* Base */ = {isa = PBXFileReference; lastKnownFileType = file.storyboard; name = Base; path = Base.lproj/LaunchScreen.storyboard; sourceTree = "<group>"; };
		4EC43C6628E32EFD000D8CE3 /* Info.plist */ = {isa = PBXFileReference; lastKnownFileType = text.plist.xml; path = Info.plist; sourceTree = "<group>"; };
		4EC8C8A328F6CAED002E54A1 /* UIImageView+Circle.swift */ = {isa = PBXFileReference; lastKnownFileType = sourcecode.swift; path = "UIImageView+Circle.swift"; sourceTree = "<group>"; };
		4ED2016A28F8332900605D66 /* FinanceModel.swift */ = {isa = PBXFileReference; lastKnownFileType = sourcecode.swift; path = FinanceModel.swift; sourceTree = "<group>"; };
/* End PBXFileReference section */

/* Begin PBXFrameworksBuildPhase section */
		4EC43C4F28E32EFA000D8CE3 /* Frameworks */ = {
			isa = PBXFrameworksBuildPhase;
			buildActionMask = 2147483647;
			files = (
			);
			runOnlyForDeploymentPostprocessing = 0;
		};
/* End PBXFrameworksBuildPhase section */

/* Begin PBXGroup section */
		4E05F4C928E59DC3003EBCE4 /* TabBarScene */ = {
			isa = PBXGroup;
			children = (
				4E05F4CA28E59DD6003EBCE4 /* Model */,
				4E05F4CB28E59DDE003EBCE4 /* View */,
				4E05F4CC28E59DE3003EBCE4 /* Controller */,
			);
			path = TabBarScene;
			sourceTree = "<group>";
		};
		4E05F4CA28E59DD6003EBCE4 /* Model */ = {
			isa = PBXGroup;
			children = (
			);
			path = Model;
			sourceTree = "<group>";
		};
		4E05F4CB28E59DDE003EBCE4 /* View */ = {
			isa = PBXGroup;
			children = (
			);
			path = View;
			sourceTree = "<group>";
		};
		4E05F4CC28E59DE3003EBCE4 /* Controller */ = {
			isa = PBXGroup;
			children = (
				4E05F4CD28E59EB7003EBCE4 /* TabBarViewController.swift */,
			);
			path = Controller;
			sourceTree = "<group>";
		};
		4E05F4CF28E5A0D2003EBCE4 /* HomeScene */ = {
			isa = PBXGroup;
			children = (
				4E05F4D228E5A2C4003EBCE4 /* Model */,
				4E05F4D328E5A2CA003EBCE4 /* View */,
				4E05F4D428E5A2D0003EBCE4 /* Controller */,
			);
			path = HomeScene;
			sourceTree = "<group>";
		};
		4E05F4D228E5A2C4003EBCE4 /* Model */ = {
			isa = PBXGroup;
			children = (
				4E1CF64128F44C7E00C44792 /* CardModel.swift */,
				4ED2016A28F8332900605D66 /* FinanceModel.swift */,
				4E5F228628FD74DB00C7A485 /* СurrencyModel.swift */,
			);
			path = Model;
			sourceTree = "<group>";
		};
		4E05F4D328E5A2CA003EBCE4 /* View */ = {
			isa = PBXGroup;
			children = (
				4E1CF63F28F4426700C44792 /* CardsCollectionViewCell.swift */,
				4E1CF64328F44FE100C44792 /* FinanceCollectionViewCell.swift */,
				4E2820F028F5788F00F3B84F /* СurrencyTableViewCell.swift */,
			);
			path = View;
			sourceTree = "<group>";
		};
		4E05F4D428E5A2D0003EBCE4 /* Controller */ = {
			isa = PBXGroup;
			children = (
				4E05F4D528E5A2EF003EBCE4 /* HomeViewController.swift */,
			);
			path = Controller;
			sourceTree = "<group>";
		};
		4E05F4D928E5B554003EBCE4 /* MyCardScene */ = {
			isa = PBXGroup;
			children = (
				4E05F4DA28E5B587003EBCE4 /* Controller */,
			);
			path = MyCardScene;
			sourceTree = "<group>";
		};
		4E05F4DA28E5B587003EBCE4 /* Controller */ = {
			isa = PBXGroup;
			children = (
				4E05F4DB28E5B59B003EBCE4 /* MyCardController.swift */,
			);
			path = Controller;
			sourceTree = "<group>";
		};
		4E05F4DD28E5CB0A003EBCE4 /* BudgetScene */ = {
			isa = PBXGroup;
			children = (
				4E05F4E028E5CB24003EBCE4 /* Model */,
				4E05F4DF28E5CB20003EBCE4 /* View */,
				4E05F4DE28E5CB1A003EBCE4 /* Controller */,
			);
			path = BudgetScene;
			sourceTree = "<group>";
		};
		4E05F4DE28E5CB1A003EBCE4 /* Controller */ = {
			isa = PBXGroup;
			children = (
				4E05F4E228E5CB3B003EBCE4 /* BudgetController.swift */,
			);
			path = Controller;
			sourceTree = "<group>";
		};
		4E05F4DF28E5CB20003EBCE4 /* View */ = {
			isa = PBXGroup;
			children = (
			);
			path = View;
			sourceTree = "<group>";
		};
		4E05F4E028E5CB24003EBCE4 /* Model */ = {
			isa = PBXGroup;
			children = (
			);
			path = Model;
			sourceTree = "<group>";
		};
		4E05F4E428E5CBC3003EBCE4 /* ChatScene */ = {
			isa = PBXGroup;
			children = (
				4E05F4E728E5CBDC003EBCE4 /* Model */,
				4E05F4E628E5CBD6003EBCE4 /* View */,
				4E05F4E528E5CBCF003EBCE4 /* Controller */,
			);
			path = ChatScene;
			sourceTree = "<group>";
		};
		4E05F4E528E5CBCF003EBCE4 /* Controller */ = {
			isa = PBXGroup;
			children = (
				4E05F4E828E5CBE8003EBCE4 /* ChatController.swift */,
			);
			path = Controller;
			sourceTree = "<group>";
		};
		4E05F4E628E5CBD6003EBCE4 /* View */ = {
			isa = PBXGroup;
			children = (
			);
			path = View;
			sourceTree = "<group>";
		};
		4E05F4E728E5CBDC003EBCE4 /* Model */ = {
			isa = PBXGroup;
			children = (
			);
			path = Model;
			sourceTree = "<group>";
		};
		4E679CE928FEE19B0071A21F /* InfoCardScene */ = {
			isa = PBXGroup;
			children = (
				4E679CEC28FEE1BE0071A21F /* Model */,
				4E679CEB28FEE1BA0071A21F /* View */,
				4E679CEA28FEE1AF0071A21F /* Controller */,
			);
			path = InfoCardScene;
			sourceTree = "<group>";
		};
		4E679CEA28FEE1AF0071A21F /* Controller */ = {
			isa = PBXGroup;
			children = (
				4E679CED28FEE1E50071A21F /* InfoCardViewController.swift */,
			);
			path = Controller;
			sourceTree = "<group>";
		};
		4E679CEB28FEE1BA0071A21F /* View */ = {
			isa = PBXGroup;
			children = (
				4E679CEF28FEE2230071A21F /* InfoCardTableViewCell.swift */,
				4E679CF128FEE2530071A21F /* InfoCardCollectionViewCell.swift */,
			);
			path = View;
			sourceTree = "<group>";
		};
		4E679CEC28FEE1BE0071A21F /* Model */ = {
			isa = PBXGroup;
			children = (
			);
			path = Model;
			sourceTree = "<group>";
		};
		4EBF244628E478B400C6666A /* Extensions */ = {
			isa = PBXGroup;
			children = (
				4E05F4C728E59B1C003EBCE4 /* UIView+CAGradient.swift */,
				4EC8C8A328F6CAED002E54A1 /* UIImageView+Circle.swift */,
			);
			path = Extensions;
			sourceTree = "<group>";
		};
		4EC43C4928E32EFA000D8CE3 = {
			isa = PBXGroup;
			children = (
				4EC43C5428E32EFA000D8CE3 /* LouBank */,
				4EC43C5328E32EFA000D8CE3 /* Products */,
			);
			sourceTree = "<group>";
		};
		4EC43C5328E32EFA000D8CE3 /* Products */ = {
			isa = PBXGroup;
			children = (
				4EC43C5228E32EFA000D8CE3 /* LouBank.app */,
			);
			name = Products;
			sourceTree = "<group>";
		};
		4EC43C5428E32EFA000D8CE3 /* LouBank */ = {
			isa = PBXGroup;
			children = (
				4EBF244628E478B400C6666A /* Extensions */,
				4EC43C6C28E32FEB000D8CE3 /* Application */,
				4EC43C7028E3302E000D8CE3 /* SupportFiles */,
				4E05F4C928E59DC3003EBCE4 /* TabBarScene */,
				4E05F4CF28E5A0D2003EBCE4 /* HomeScene */,
				4E05F4D928E5B554003EBCE4 /* MyCardScene */,
				4E679CE928FEE19B0071A21F /* InfoCardScene */,
				4E05F4DD28E5CB0A003EBCE4 /* BudgetScene */,
				4E05F4E428E5CBC3003EBCE4 /* ChatScene */,
				4EC43C6628E32EFD000D8CE3 /* Info.plist */,
				4EC43C5E28E32EFB000D8CE3 /* LouBank.xcdatamodeld */,
			);
			path = LouBank;
			sourceTree = "<group>";
		};
		4EC43C6C28E32FEB000D8CE3 /* Application */ = {
			isa = PBXGroup;
			children = (
				4EC43C6D28E32FF7000D8CE3 /* Model */,
				4EC43C6E28E33001000D8CE3 /* VIew */,
				4EC43C6F28E3300A000D8CE3 /* Controller */,
			);
			path = Application;
			sourceTree = "<group>";
		};
		4EC43C6D28E32FF7000D8CE3 /* Model */ = {
			isa = PBXGroup;
			children = (
			);
			path = Model;
			sourceTree = "<group>";
		};
		4EC43C6E28E33001000D8CE3 /* VIew */ = {
			isa = PBXGroup;
			children = (
				4EC43C6328E32EFD000D8CE3 /* LaunchScreen.storyboard */,
			);
			path = VIew;
			sourceTree = "<group>";
		};
		4EC43C6F28E3300A000D8CE3 /* Controller */ = {
			isa = PBXGroup;
			children = (
				4EC43C5528E32EFA000D8CE3 /* AppDelegate.swift */,
				4EC43C5728E32EFA000D8CE3 /* SceneDelegate.swift */,
			);
			path = Controller;
			sourceTree = "<group>";
		};
		4EC43C7028E3302E000D8CE3 /* SupportFiles */ = {
			isa = PBXGroup;
			children = (
				4EC43C6128E32EFD000D8CE3 /* Assets.xcassets */,
			);
			path = SupportFiles;
			sourceTree = "<group>";
		};
/* End PBXGroup section */

/* Begin PBXNativeTarget section */
		4EC43C5128E32EFA000D8CE3 /* LouBank */ = {
			isa = PBXNativeTarget;
			buildConfigurationList = 4EC43C6928E32EFD000D8CE3 /* Build configuration list for PBXNativeTarget "LouBank" */;
			buildPhases = (
				4EC43C4E28E32EFA000D8CE3 /* Sources */,
				4EC43C4F28E32EFA000D8CE3 /* Frameworks */,
				4EC43C5028E32EFA000D8CE3 /* Resources */,
			);
			buildRules = (
			);
			dependencies = (
			);
			name = LouBank;
			productName = LouBank;
			productReference = 4EC43C5228E32EFA000D8CE3 /* LouBank.app */;
			productType = "com.apple.product-type.application";
		};
/* End PBXNativeTarget section */

/* Begin PBXProject section */
		4EC43C4A28E32EFA000D8CE3 /* Project object */ = {
			isa = PBXProject;
			attributes = {
				BuildIndependentTargetsInParallel = 1;
				LastSwiftUpdateCheck = 1340;
				LastUpgradeCheck = 1340;
				TargetAttributes = {
					4EC43C5128E32EFA000D8CE3 = {
						CreatedOnToolsVersion = 13.4.1;
					};
				};
			};
			buildConfigurationList = 4EC43C4D28E32EFA000D8CE3 /* Build configuration list for PBXProject "LouBank" */;
			compatibilityVersion = "Xcode 13.0";
			developmentRegion = en;
			hasScannedForEncodings = 0;
			knownRegions = (
				en,
				Base,
			);
			mainGroup = 4EC43C4928E32EFA000D8CE3;
			productRefGroup = 4EC43C5328E32EFA000D8CE3 /* Products */;
			projectDirPath = "";
			projectRoot = "";
			targets = (
				4EC43C5128E32EFA000D8CE3 /* LouBank */,
			);
		};
/* End PBXProject section */

/* Begin PBXResourcesBuildPhase section */
		4EC43C5028E32EFA000D8CE3 /* Resources */ = {
			isa = PBXResourcesBuildPhase;
			buildActionMask = 2147483647;
			files = (
				4EC43C6528E32EFD000D8CE3 /* LaunchScreen.storyboard in Resources */,
				4EC43C6228E32EFD000D8CE3 /* Assets.xcassets in Resources */,
			);
			runOnlyForDeploymentPostprocessing = 0;
		};
/* End PBXResourcesBuildPhase section */

/* Begin PBXSourcesBuildPhase section */
		4EC43C4E28E32EFA000D8CE3 /* Sources */ = {
			isa = PBXSourcesBuildPhase;
			buildActionMask = 2147483647;
			files = (
				4EC43C6028E32EFB000D8CE3 /* LouBank.xcdatamodeld in Sources */,
				4ED2016B28F8332900605D66 /* FinanceModel.swift in Sources */,
				4E05F4C828E59B1C003EBCE4 /* UIView+CAGradient.swift in Sources */,
				4E679CF028FEE2230071A21F /* InfoCardTableViewCell.swift in Sources */,
				4E05F4E928E5CBE8003EBCE4 /* ChatController.swift in Sources */,
				4E1CF64228F44C7E00C44792 /* CardModel.swift in Sources */,
				4E679CEE28FEE1E50071A21F /* InfoCardViewController.swift in Sources */,
				4E2820F128F5788F00F3B84F /* СurrencyTableViewCell.swift in Sources */,
				4EC43C5628E32EFA000D8CE3 /* AppDelegate.swift in Sources */,
				4E679CF228FEE2530071A21F /* InfoCardCollectionViewCell.swift in Sources */,
				4E05F4CE28E59EB7003EBCE4 /* TabBarViewController.swift in Sources */,
				4E05F4E328E5CB3B003EBCE4 /* BudgetController.swift in Sources */,
				4E1CF64028F4426700C44792 /* CardsCollectionViewCell.swift in Sources */,
				4E05F4DC28E5B59B003EBCE4 /* MyCardController.swift in Sources */,
				4EC8C8A428F6CAED002E54A1 /* UIImageView+Circle.swift in Sources */,
				4E05F4D628E5A2EF003EBCE4 /* HomeViewController.swift in Sources */,
				4E5F228728FD74DB00C7A485 /* СurrencyModel.swift in Sources */,
				4EC43C5828E32EFA000D8CE3 /* SceneDelegate.swift in Sources */,
				4E1CF64428F44FE100C44792 /* FinanceCollectionViewCell.swift in Sources */,
			);
			runOnlyForDeploymentPostprocessing = 0;
		};
/* End PBXSourcesBuildPhase section */

/* Begin PBXVariantGroup section */
		4EC43C6328E32EFD000D8CE3 /* LaunchScreen.storyboard */ = {
			isa = PBXVariantGroup;
			children = (
				4EC43C6428E32EFD000D8CE3 /* Base */,
			);
			name = LaunchScreen.storyboard;
			sourceTree = "<group>";
		};
/* End PBXVariantGroup section */

/* Begin XCBuildConfiguration section */
		4EC43C6728E32EFD000D8CE3 /* Debug */ = {
			isa = XCBuildConfiguration;
			buildSettings = {
				ALWAYS_SEARCH_USER_PATHS = NO;
				CLANG_ANALYZER_NONNULL = YES;
				CLANG_ANALYZER_NUMBER_OBJECT_CONVERSION = YES_AGGRESSIVE;
				CLANG_CXX_LANGUAGE_STANDARD = "gnu++17";
				CLANG_ENABLE_MODULES = YES;
				CLANG_ENABLE_OBJC_ARC = YES;
				CLANG_ENABLE_OBJC_WEAK = YES;
				CLANG_WARN_BLOCK_CAPTURE_AUTORELEASING = YES;
				CLANG_WARN_BOOL_CONVERSION = YES;
				CLANG_WARN_COMMA = YES;
				CLANG_WARN_CONSTANT_CONVERSION = YES;
				CLANG_WARN_DEPRECATED_OBJC_IMPLEMENTATIONS = YES;
				CLANG_WARN_DIRECT_OBJC_ISA_USAGE = YES_ERROR;
				CLANG_WARN_DOCUMENTATION_COMMENTS = YES;
				CLANG_WARN_EMPTY_BODY = YES;
				CLANG_WARN_ENUM_CONVERSION = YES;
				CLANG_WARN_INFINITE_RECURSION = YES;
				CLANG_WARN_INT_CONVERSION = YES;
				CLANG_WARN_NON_LITERAL_NULL_CONVERSION = YES;
				CLANG_WARN_OBJC_IMPLICIT_RETAIN_SELF = YES;
				CLANG_WARN_OBJC_LITERAL_CONVERSION = YES;
				CLANG_WARN_OBJC_ROOT_CLASS = YES_ERROR;
				CLANG_WARN_QUOTED_INCLUDE_IN_FRAMEWORK_HEADER = YES;
				CLANG_WARN_RANGE_LOOP_ANALYSIS = YES;
				CLANG_WARN_STRICT_PROTOTYPES = YES;
				CLANG_WARN_SUSPICIOUS_MOVE = YES;
				CLANG_WARN_UNGUARDED_AVAILABILITY = YES_AGGRESSIVE;
				CLANG_WARN_UNREACHABLE_CODE = YES;
				CLANG_WARN__DUPLICATE_METHOD_MATCH = YES;
				COPY_PHASE_STRIP = NO;
				DEBUG_INFORMATION_FORMAT = dwarf;
				ENABLE_STRICT_OBJC_MSGSEND = YES;
				ENABLE_TESTABILITY = YES;
				GCC_C_LANGUAGE_STANDARD = gnu11;
				GCC_DYNAMIC_NO_PIC = NO;
				GCC_NO_COMMON_BLOCKS = YES;
				GCC_OPTIMIZATION_LEVEL = 0;
				GCC_PREPROCESSOR_DEFINITIONS = (
					"DEBUG=1",
					"$(inherited)",
				);
				GCC_WARN_64_TO_32_BIT_CONVERSION = YES;
				GCC_WARN_ABOUT_RETURN_TYPE = YES_ERROR;
				GCC_WARN_UNDECLARED_SELECTOR = YES;
				GCC_WARN_UNINITIALIZED_AUTOS = YES_AGGRESSIVE;
				GCC_WARN_UNUSED_FUNCTION = YES;
				GCC_WARN_UNUSED_VARIABLE = YES;
				IPHONEOS_DEPLOYMENT_TARGET = 15.5;
				MTL_ENABLE_DEBUG_INFO = INCLUDE_SOURCE;
				MTL_FAST_MATH = YES;
				ONLY_ACTIVE_ARCH = YES;
				SDKROOT = iphoneos;
				SWIFT_ACTIVE_COMPILATION_CONDITIONS = DEBUG;
				SWIFT_OPTIMIZATION_LEVEL = "-Onone";
			};
			name = Debug;
		};
		4EC43C6828E32EFD000D8CE3 /* Release */ = {
			isa = XCBuildConfiguration;
			buildSettings = {
				ALWAYS_SEARCH_USER_PATHS = NO;
				CLANG_ANALYZER_NONNULL = YES;
				CLANG_ANALYZER_NUMBER_OBJECT_CONVERSION = YES_AGGRESSIVE;
				CLANG_CXX_LANGUAGE_STANDARD = "gnu++17";
				CLANG_ENABLE_MODULES = YES;
				CLANG_ENABLE_OBJC_ARC = YES;
				CLANG_ENABLE_OBJC_WEAK = YES;
				CLANG_WARN_BLOCK_CAPTURE_AUTORELEASING = YES;
				CLANG_WARN_BOOL_CONVERSION = YES;
				CLANG_WARN_COMMA = YES;
				CLANG_WARN_CONSTANT_CONVERSION = YES;
				CLANG_WARN_DEPRECATED_OBJC_IMPLEMENTATIONS = YES;
				CLANG_WARN_DIRECT_OBJC_ISA_USAGE = YES_ERROR;
				CLANG_WARN_DOCUMENTATION_COMMENTS = YES;
				CLANG_WARN_EMPTY_BODY = YES;
				CLANG_WARN_ENUM_CONVERSION = YES;
				CLANG_WARN_INFINITE_RECURSION = YES;
				CLANG_WARN_INT_CONVERSION = YES;
				CLANG_WARN_NON_LITERAL_NULL_CONVERSION = YES;
				CLANG_WARN_OBJC_IMPLICIT_RETAIN_SELF = YES;
				CLANG_WARN_OBJC_LITERAL_CONVERSION = YES;
				CLANG_WARN_OBJC_ROOT_CLASS = YES_ERROR;
				CLANG_WARN_QUOTED_INCLUDE_IN_FRAMEWORK_HEADER = YES;
				CLANG_WARN_RANGE_LOOP_ANALYSIS = YES;
				CLANG_WARN_STRICT_PROTOTYPES = YES;
				CLANG_WARN_SUSPICIOUS_MOVE = YES;
				CLANG_WARN_UNGUARDED_AVAILABILITY = YES_AGGRESSIVE;
				CLANG_WARN_UNREACHABLE_CODE = YES;
				CLANG_WARN__DUPLICATE_METHOD_MATCH = YES;
				COPY_PHASE_STRIP = NO;
				DEBUG_INFORMATION_FORMAT = "dwarf-with-dsym";
				ENABLE_NS_ASSERTIONS = NO;
				ENABLE_STRICT_OBJC_MSGSEND = YES;
				GCC_C_LANGUAGE_STANDARD = gnu11;
				GCC_NO_COMMON_BLOCKS = YES;
				GCC_WARN_64_TO_32_BIT_CONVERSION = YES;
				GCC_WARN_ABOUT_RETURN_TYPE = YES_ERROR;
				GCC_WARN_UNDECLARED_SELECTOR = YES;
				GCC_WARN_UNINITIALIZED_AUTOS = YES_AGGRESSIVE;
				GCC_WARN_UNUSED_FUNCTION = YES;
				GCC_WARN_UNUSED_VARIABLE = YES;
				IPHONEOS_DEPLOYMENT_TARGET = 15.5;
				MTL_ENABLE_DEBUG_INFO = NO;
				MTL_FAST_MATH = YES;
				SDKROOT = iphoneos;
				SWIFT_COMPILATION_MODE = wholemodule;
				SWIFT_OPTIMIZATION_LEVEL = "-O";
				VALIDATE_PRODUCT = YES;
			};
			name = Release;
		};
		4EC43C6A28E32EFD000D8CE3 /* Debug */ = {
			isa = XCBuildConfiguration;
			buildSettings = {
				ASSETCATALOG_COMPILER_APPICON_NAME = AppIcon;
				ASSETCATALOG_COMPILER_GLOBAL_ACCENT_COLOR_NAME = AccentColor;
				CODE_SIGN_STYLE = Automatic;
				CURRENT_PROJECT_VERSION = 1;
				GENERATE_INFOPLIST_FILE = YES;
				INFOPLIST_FILE = LouBank/Info.plist;
				INFOPLIST_KEY_CFBundleDisplayName = "Lou bank";
				INFOPLIST_KEY_UIApplicationSupportsIndirectInputEvents = YES;
				INFOPLIST_KEY_UILaunchStoryboardName = LaunchScreen;
				INFOPLIST_KEY_UISupportedInterfaceOrientations = UIInterfaceOrientationPortrait;
				INFOPLIST_KEY_UISupportedInterfaceOrientations_iPad = "UIInterfaceOrientationPortrait UIInterfaceOrientationPortraitUpsideDown UIInterfaceOrientationLandscapeLeft UIInterfaceOrientationLandscapeRight";
				INFOPLIST_KEY_UISupportedInterfaceOrientations_iPhone = "UIInterfaceOrientationPortrait UIInterfaceOrientationLandscapeLeft UIInterfaceOrientationLandscapeRight";
				LD_RUNPATH_SEARCH_PATHS = (
					"$(inherited)",
					"@executable_path/Frameworks",
				);
				MARKETING_VERSION = 1.0;
				PRODUCT_BUNDLE_IDENTIFIER = AlexanderChervoncev.LouBank;
				PRODUCT_NAME = "$(TARGET_NAME)";
				SWIFT_EMIT_LOC_STRINGS = YES;
				SWIFT_VERSION = 5.0;
				TARGETED_DEVICE_FAMILY = "1,2";
			};
			name = Debug;
		};
		4EC43C6B28E32EFD000D8CE3 /* Release */ = {
			isa = XCBuildConfiguration;
			buildSettings = {
				ASSETCATALOG_COMPILER_APPICON_NAME = AppIcon;
				ASSETCATALOG_COMPILER_GLOBAL_ACCENT_COLOR_NAME = AccentColor;
				CODE_SIGN_STYLE = Automatic;
				CURRENT_PROJECT_VERSION = 1;
				GENERATE_INFOPLIST_FILE = YES;
				INFOPLIST_FILE = LouBank/Info.plist;
				INFOPLIST_KEY_CFBundleDisplayName = "Lou bank";
				INFOPLIST_KEY_UIApplicationSupportsIndirectInputEvents = YES;
				INFOPLIST_KEY_UILaunchStoryboardName = LaunchScreen;
				INFOPLIST_KEY_UISupportedInterfaceOrientations = UIInterfaceOrientationPortrait;
				INFOPLIST_KEY_UISupportedInterfaceOrientations_iPad = "UIInterfaceOrientationPortrait UIInterfaceOrientationPortraitUpsideDown UIInterfaceOrientationLandscapeLeft UIInterfaceOrientationLandscapeRight";
				INFOPLIST_KEY_UISupportedInterfaceOrientations_iPhone = "UIInterfaceOrientationPortrait UIInterfaceOrientationLandscapeLeft UIInterfaceOrientationLandscapeRight";
				LD_RUNPATH_SEARCH_PATHS = (
					"$(inherited)",
					"@executable_path/Frameworks",
				);
				MARKETING_VERSION = 1.0;
				PRODUCT_BUNDLE_IDENTIFIER = AlexanderChervoncev.LouBank;
				PRODUCT_NAME = "$(TARGET_NAME)";
				SWIFT_EMIT_LOC_STRINGS = YES;
				SWIFT_VERSION = 5.0;
				TARGETED_DEVICE_FAMILY = "1,2";
			};
			name = Release;
		};
/* End XCBuildConfiguration section */

/* Begin XCConfigurationList section */
		4EC43C4D28E32EFA000D8CE3 /* Build configuration list for PBXProject "LouBank" */ = {
			isa = XCConfigurationList;
			buildConfigurations = (
				4EC43C6728E32EFD000D8CE3 /* Debug */,
				4EC43C6828E32EFD000D8CE3 /* Release */,
			);
			defaultConfigurationIsVisible = 0;
			defaultConfigurationName = Release;
		};
		4EC43C6928E32EFD000D8CE3 /* Build configuration list for PBXNativeTarget "LouBank" */ = {
			isa = XCConfigurationList;
			buildConfigurations = (
				4EC43C6A28E32EFD000D8CE3 /* Debug */,
				4EC43C6B28E32EFD000D8CE3 /* Release */,
			);
			defaultConfigurationIsVisible = 0;
			defaultConfigurationName = Release;
		};
/* End XCConfigurationList section */

/* Begin XCVersionGroup section */
		4EC43C5E28E32EFB000D8CE3 /* LouBank.xcdatamodeld */ = {
			isa = XCVersionGroup;
			children = (
				4EC43C5F28E32EFB000D8CE3 /* LouBank.xcdatamodel */,
			);
			currentVersion = 4EC43C5F28E32EFB000D8CE3 /* LouBank.xcdatamodel */;
			path = LouBank.xcdatamodeld;
			sourceTree = "<group>";
			versionGroupType = wrapper.xcdatamodel;
		};
/* End XCVersionGroup section */
	};
	rootObject = 4EC43C4A28E32EFA000D8CE3 /* Project object */;
}
